
Microsoft Visual Studio Solution File, Format Version 12.00
# Visual Studio Version 17
VisualStudioVersion = 17.4.33110.190
MinimumVisualStudioVersion = 10.0.40219.1
Project("{FAE04EC0-301F-11D3-BF4B-00C04F79EFBC}") = "AnimalsCatalog", "AnimalsCatalog\AnimalsCatalog.csproj", "{8DD74F88-7B18-4A4C-9986-5BDF4E9527EF}"
EndProject
Project("{FAE04EC0-301F-11D3-BF4B-00C04F79EFBC}") = "Infrastructure", "Infrastructure\Infrastructure.csproj", "{960ED330-35BC-4AAE-99FC-934392DE4D03}"
EndProject
Global
	GlobalSection(SolutionConfigurationPlatforms) = preSolution
		Debug|Any CPU = Debug|Any CPU
		Release|Any CPU = Release|Any CPU
	EndGlobalSection
	GlobalSection(ProjectConfigurationPlatforms) = postSolution
		{8DD74F88-7B18-4A4C-9986-5BDF4E9527EF}.Debug|Any CPU.ActiveCfg = Debug|Any CPU
		{8DD74F88-7B18-4A4C-9986-5BDF4E9527EF}.Debug|Any CPU.Build.0 = Debug|Any CPU
		{8DD74F88-7B18-4A4C-9986-5BDF4E9527EF}.Release|Any CPU.ActiveCfg = Release|Any CPU
		{8DD74F88-7B18-4A4C-9986-5BDF4E9527EF}.Release|Any CPU.Build.0 = Release|Any CPU
		{960ED330-35BC-4AAE-99FC-934392DE4D03}.Debug|Any CPU.ActiveCfg = Debug|Any CPU
		{960ED330-35BC-4AAE-99FC-934392DE4D03}.Debug|Any CPU.Build.0 = Debug|Any CPU
		{960ED330-35BC-4AAE-99FC-934392DE4D03}.Release|Any CPU.ActiveCfg = Release|Any CPU
		{960ED330-35BC-4AAE-99FC-934392DE4D03}.Release|Any CPU.Build.0 = Release|Any CPU
	EndGlobalSection
	GlobalSection(SolutionProperties) = preSolution
		HideSolutionNode = FALSE
	EndGlobalSection
	GlobalSection(ExtensibilityGlobals) = postSolution
		SolutionGuid = {C3BFA24F-8AED-4081-8DB1-CD0438472332}
	EndGlobalSection
EndGlobal
